
Microsoft Visual Studio Solution File, Format Version 12.00
# Visual Studio 15
VisualStudioVersion = 15.0.26403.0
MinimumVisualStudioVersion = 10.0.40219.1
Project("{FAE04EC0-301F-11D3-BF4B-00C04F79EFBC}") = "SolutionsTests", "SolutionsTests\SolutionsTests.csproj", "{C1171AA5-9E1A-4EAA-965E-AF7611A3C258}"
EndProject
Project("{FAE04EC0-301F-11D3-BF4B-00C04F79EFBC}") = "Solutions", "Solutions\Solutions.csproj", "{164E3919-AAD2-4161-AF3B-8DCC266F0489}"
EndProject
Project("{FAE04EC0-301F-11D3-BF4B-00C04F79EFBC}") = "Common", "Common\Common.csproj", "{7561B26A-3374-44CF-93D1-155D80976BB0}"
EndProject
Global
	GlobalSection(SolutionConfigurationPlatforms) = preSolution
		Debug|Any CPU = Debug|Any CPU
		Release|Any CPU = Release|Any CPU
	EndGlobalSection
	GlobalSection(ProjectConfigurationPlatforms) = postSolution
		{C1171AA5-9E1A-4EAA-965E-AF7611A3C258}.Debug|Any CPU.ActiveCfg = Debug|Any CPU
		{C1171AA5-9E1A-4EAA-965E-AF7611A3C258}.Debug|Any CPU.Build.0 = Debug|Any CPU
		{C1171AA5-9E1A-4EAA-965E-AF7611A3C258}.Release|Any CPU.ActiveCfg = Release|Any CPU
		{C1171AA5-9E1A-4EAA-965E-AF7611A3C258}.Release|Any CPU.Build.0 = Release|Any CPU
		{164E3919-AAD2-4161-AF3B-8DCC266F0489}.Debug|Any CPU.ActiveCfg = Debug|Any CPU
		{164E3919-AAD2-4161-AF3B-8DCC266F0489}.Debug|Any CPU.Build.0 = Debug|Any CPU
		{164E3919-AAD2-4161-AF3B-8DCC266F0489}.Release|Any CPU.ActiveCfg = Release|Any CPU
		{164E3919-AAD2-4161-AF3B-8DCC266F0489}.Release|Any CPU.Build.0 = Release|Any CPU
		{7561B26A-3374-44CF-93D1-155D80976BB0}.Debug|Any CPU.ActiveCfg = Debug|Any CPU
		{7561B26A-3374-44CF-93D1-155D80976BB0}.Debug|Any CPU.Build.0 = Debug|Any CPU
		{7561B26A-3374-44CF-93D1-155D80976BB0}.Release|Any CPU.ActiveCfg = Release|Any CPU
		{7561B26A-3374-44CF-93D1-155D80976BB0}.Release|Any CPU.Build.0 = Release|Any CPU
	EndGlobalSection
	GlobalSection(SolutionProperties) = preSolution
		HideSolutionNode = FALSE
	EndGlobalSection
EndGlobal
